
Microsoft Visual Studio Solution File, Format Version 12.00
# Visual Studio Version 17
VisualStudioVersion = 17.5.33530.505
MinimumVisualStudioVersion = 10.0.40219.1
Project("{FAE04EC0-301F-11D3-BF4B-00C04F79EFBC}") = "Serbina14", "Serbina14.csproj", "{59D2E421-4D74-4E9F-8C8A-E237A8EB8299}"
EndProject
Global
	GlobalSection(SolutionConfigurationPlatforms) = preSolution
		Debug|Any CPU = Debug|Any CPU
		Release|Any CPU = Release|Any CPU
	EndGlobalSection
	GlobalSection(ProjectConfigurationPlatforms) = postSolution
		{59D2E421-4D74-4E9F-8C8A-E237A8EB8299}.Debug|Any CPU.ActiveCfg = Debug|Any CPU
		{59D2E421-4D74-4E9F-8C8A-E237A8EB8299}.Debug|Any CPU.Build.0 = Debug|Any CPU
		{59D2E421-4D74-4E9F-8C8A-E237A8EB8299}.Release|Any CPU.ActiveCfg = Release|Any CPU
		{59D2E421-4D74-4E9F-8C8A-E237A8EB8299}.Release|Any CPU.Build.0 = Release|Any CPU
	EndGlobalSection
	GlobalSection(SolutionProperties) = preSolution
		HideSolutionNode = FALSE
	EndGlobalSection
	GlobalSection(ExtensibilityGlobals) = postSolution
		SolutionGuid = {67F1AEAC-BEBB-4825-B571-9E97092107F2}
	EndGlobalSection
EndGlobal
